
Microsoft Visual Studio Solution File, Format Version 12.00
# Visual Studio Version 17
VisualStudioVersion = 17.7.34024.191
MinimumVisualStudioVersion = 10.0.40219.1
Project("{FAE04EC0-301F-11D3-BF4B-00C04F79EFBC}") = "UBIKOIDCProcessorExtended", "UBIKOIDCProcessorExtended\UBIKOIDCProcessorExtended.csproj", "{72A67C8F-FE8F-41C1-807C-D6BEF09E6BAF}"
EndProject
Global
	GlobalSection(SolutionConfigurationPlatforms) = preSolution
		Debug|Any CPU = Debug|Any CPU
		Release|Any CPU = Release|Any CPU
	EndGlobalSection
	GlobalSection(ProjectConfigurationPlatforms) = postSolution
		{72A67C8F-FE8F-41C1-807C-D6BEF09E6BAF}.Debug|Any CPU.ActiveCfg = Debug|Any CPU
		{72A67C8F-FE8F-41C1-807C-D6BEF09E6BAF}.Debug|Any CPU.Build.0 = Debug|Any CPU
		{72A67C8F-FE8F-41C1-807C-D6BEF09E6BAF}.Release|Any CPU.ActiveCfg = Release|Any CPU
		{72A67C8F-FE8F-41C1-807C-D6BEF09E6BAF}.Release|Any CPU.Build.0 = Release|Any CPU
	EndGlobalSection
	GlobalSection(SolutionProperties) = preSolution
		HideSolutionNode = FALSE
	EndGlobalSection
	GlobalSection(ExtensibilityGlobals) = postSolution
		SolutionGuid = {F2E061E8-4EEE-4C4C-AE3B-07A29DA2A081}
	EndGlobalSection
EndGlobal
